
Microsoft Visual Studio Solution File, Format Version 12.00
# Visual Studio 15
VisualStudioVersion = 15.0.27703.2042
MinimumVisualStudioVersion = 10.0.40219.1
Project("{FAE04EC0-301F-11D3-BF4B-00C04F79EFBC}") = "MLClustering", "MLClustering\MLClustering.csproj", "{C6FCE8F1-E64E-4873-B785-910046F83224}"
EndProject
Global
	GlobalSection(SolutionConfigurationPlatforms) = preSolution
		Debug|Any CPU = Debug|Any CPU
		Release|Any CPU = Release|Any CPU
	EndGlobalSection
	GlobalSection(ProjectConfigurationPlatforms) = postSolution
		{C6FCE8F1-E64E-4873-B785-910046F83224}.Debug|Any CPU.ActiveCfg = Debug|Any CPU
		{C6FCE8F1-E64E-4873-B785-910046F83224}.Debug|Any CPU.Build.0 = Debug|Any CPU
		{C6FCE8F1-E64E-4873-B785-910046F83224}.Release|Any CPU.ActiveCfg = Release|Any CPU
		{C6FCE8F1-E64E-4873-B785-910046F83224}.Release|Any CPU.Build.0 = Release|Any CPU
	EndGlobalSection
	GlobalSection(SolutionProperties) = preSolution
		HideSolutionNode = FALSE
	EndGlobalSection
	GlobalSection(ExtensibilityGlobals) = postSolution
		SolutionGuid = {2DBC386D-1A90-4DF8-9DFE-986EF929F27A}
	EndGlobalSection
EndGlobal
